{
  "name": "svelte-app",
  "version": "1.0.0",
  "lockfileVersion": 1,
  "requires": true,
  "dependencies": {
    "@babel/code-frame": {
      "version": "7.16.7",
      "resolved": "https://artifactory.g.devqa.gcp.dev.paypalinc.com/artifactory/api/npm/npm-all/@babel/code-frame/-/code-frame-7.16.7.tgz",
      "integrity": "sha1-REFra9diS5mPWxr11HCFbEATh4k=",
      "dev": true,
      "requires": {
        "@babel/highlight": "^7.16.7"
      }
    },
    "@babel/helper-validator-identifier": {
      "version": "7.16.7",
      "resolved": "https://artifactory.g.devqa.gcp.dev.paypalinc.com/artifactory/api/npm/npm-all/@babel/helper-validator-identifier/-/helper-validator-identifier-7.16.7.tgz",
      "integrity": "sha1-6MYCQ4xKgZV1EkPakDHRYH0kfK0=",
      "dev": true
    },
    "@babel/highlight": {
      "version": "7.16.10",
      "resolved": "https://artifactory.g.devqa.gcp.dev.paypalinc.com/artifactory/api/npm/npm-all/@babel/highlight/-/highlight-7.16.10.tgz",
      "integrity": "sha1-dE8uuBV51u6nU8InsPVwrXhauog=",
      "dev": true,
      "requires": {
        "@babel/helper-validator-identifier": "^7.16.7",
        "chalk": "^2.0.0",
        "js-tokens": "^4.0.0"
      }
    },
    "@paypal/paypal-js": {
      "version": "2.1.9",
      "resolved": "https://artifactory.g.devqa.gcp.dev.paypalinc.com/artifactory/api/npm/npm-all/@paypal/paypal-js/-/paypal-js-2.1.9.tgz",
      "integrity": "sha1-Tkbc0OB5tdPKb6Sl127rio7+ff0=",
      "requires": {
        "promise-polyfill": "^8.2.0"
      }
    },
    "@polka/url": {
      "version": "1.0.0-next.21",
      "resolved": "https://artifactory.g.devqa.gcp.dev.paypalinc.com/artifactory/api/npm/npm-all/@polka/url/-/url-1.0.0-next.21.tgz",
      "integrity": "sha1-XeWiOFo1MJQn9gEZkrVEUU1VmqE="
    },
    "@rollup/plugin-commonjs": {
      "version": "16.0.0",
      "resolved": "https://artifactory.g.devqa.gcp.dev.paypalinc.com/artifactory/api/npm/npm-all/@rollup/plugin-commonjs/-/plugin-commonjs-16.0.0.tgz",
      "integrity": "sha1-FpAE1WzQ8KHQ81kV0xoDaw7+KB8=",
      "dev": true,
      "requires": {
        "@rollup/pluginutils": "^3.1.0",
        "commondir": "^1.0.1",
        "estree-walker": "^2.0.1",
        "glob": "^7.1.6",
        "is-reference": "^1.2.1",
        "magic-string": "^0.25.7",
        "resolve": "^1.17.0"
      }
    },
    "@rollup/plugin-node-resolve": {
      "version": "10.0.0",
      "resolved": "https://artifactory.g.devqa.gcp.dev.paypalinc.com/artifactory/api/npm/npm-all/@rollup/plugin-node-resolve/-/plugin-node-resolve-10.0.0.tgz",
      "integrity": "sha1-RAZKK5jfdTDmas+JQf8mL8m06tg=",
      "dev": true,
      "requires": {
        "@rollup/pluginutils": "^3.1.0",
        "@types/resolve": "1.17.1",
        "builtin-modules": "^3.1.0",
        "deepmerge": "^4.2.2",
        "is-module": "^1.0.0",
        "resolve": "^1.17.0"
      }
    },
    "@rollup/pluginutils": {
      "version": "3.1.0",
      "resolved": "https://artifactory.g.devqa.gcp.dev.paypalinc.com/artifactory/api/npm/npm-all/@rollup/pluginutils/-/pluginutils-3.1.0.tgz",
      "integrity": "sha1-cGtFJO5tyLEDs8mVUz5a1oDAK5s=",
      "dev": true,
      "requires": {
        "@types/estree": "0.0.39",
        "estree-walker": "^1.0.1",
        "picomatch": "^2.2.2"
      },
      "dependencies": {
        "estree-walker": {
          "version": "1.0.1",
          "resolved": "https://artifactory.g.devqa.gcp.dev.paypalinc.com/artifactory/api/npm/npm-all/estree-walker/-/estree-walker-1.0.1.tgz",
          "integrity": "sha1-MbxdYSyWtwQQa0d+bdXYqhOMtwA=",
          "dev": true
        }
      }
    },
    "@types/estree": {
      "version": "0.0.39",
      "resolved": "https://artifactory.g.devqa.gcp.dev.paypalinc.com/artifactory/api/npm/npm-all/@types/estree/-/estree-0.0.39.tgz",
      "integrity": "sha1-4Xfmme4bjCLSMXTKqnQiZEOJUJ8=",
      "dev": true
    },
    "@types/node": {
      "version": "17.0.21",
      "resolved": "https://artifactory.g.devqa.gcp.dev.paypalinc.com/artifactory/api/npm/npm-all/@types/node/-/node-17.0.21.tgz",
      "integrity": "sha1-hkuYfAxo0HtDRYRcPmO3Xt0UNkQ=",
      "dev": true
    },
    "@types/resolve": {
      "version": "1.17.1",
      "resolved": "https://artifactory.g.devqa.gcp.dev.paypalinc.com/artifactory/api/npm/npm-all/@types/resolve/-/resolve-1.17.1.tgz",
      "integrity": "sha1-Ov1q2JZ8d+Q3bFmKgt3Vj0bsRdY=",
      "dev": true,
      "requires": {
        "@types/node": "*"
      }
    },
    "acorn": {
      "version": "8.7.0",
      "resolved": "https://artifactory.g.devqa.gcp.dev.paypalinc.com/artifactory/api/npm/npm-all/acorn/-/acorn-8.7.0.tgz",
      "integrity": "sha1-kJUf3g+PCd+TVJSB5fwUFEW3kc8=",
      "dev": true
    },
    "ansi-styles": {
      "version": "3.2.1",
      "resolved": "https://artifactory.g.devqa.gcp.dev.paypalinc.com/artifactory/api/npm/npm-all/ansi-styles/-/ansi-styles-3.2.1.tgz",
      "integrity": "sha1-QfuyAkPlCxK+DwS43tvwdSDOhB0=",
      "dev": true,
      "requires": {
        "color-convert": "^1.9.0"
      }
    },
    "anymatch": {
      "version": "3.1.2",
      "resolved": "https://artifactory.g.devqa.gcp.dev.paypalinc.com/artifactory/api/npm/npm-all/anymatch/-/anymatch-3.1.2.tgz",
      "integrity": "sha1-wFV8CWrzLxBhmPT04qODU343hxY=",
      "dev": true,
      "requires": {
        "normalize-path": "^3.0.0",
        "picomatch": "^2.0.4"
      }
    },
    "balanced-match": {
      "version": "1.0.2",
      "resolved": "https://artifactory.g.devqa.gcp.dev.paypalinc.com/artifactory/api/npm/npm-all/balanced-match/-/balanced-match-1.0.2.tgz",
      "integrity": "sha1-6D46fj8wCzTLnYf2FfoMvzV2kO4=",
      "dev": true
    },
    "binary-extensions": {
      "version": "2.2.0",
      "resolved": "https://artifactory.g.devqa.gcp.dev.paypalinc.com/artifactory/api/npm/npm-all/binary-extensions/-/binary-extensions-2.2.0.tgz",
      "integrity": "sha1-dfUC7q+f/eQvyYgpZFvk6na9ni0=",
      "dev": true
    },
    "brace-expansion": {
      "version": "1.1.11",
      "resolved": "https://artifactory.g.devqa.gcp.dev.paypalinc.com/artifactory/api/npm/npm-all/brace-expansion/-/brace-expansion-1.1.11.tgz",
      "integrity": "sha1-PH/L9SnYcibz0vUrlm/1Jx60Qd0=",
      "dev": true,
      "requires": {
        "balanced-match": "^1.0.0",
        "concat-map": "0.0.1"
      }
    },
    "braces": {
      "version": "3.0.2",
      "resolved": "https://artifactory.g.devqa.gcp.dev.paypalinc.com/artifactory/api/npm/npm-all/braces/-/braces-3.0.2.tgz",
      "integrity": "sha1-NFThpGLujVmeI23zNs2epPiv4Qc=",
      "dev": true,
      "requires": {
        "fill-range": "^7.0.1"
      }
    },
    "buffer-from": {
      "version": "1.1.2",
      "resolved": "https://artifactory.g.devqa.gcp.dev.paypalinc.com/artifactory/api/npm/npm-all/buffer-from/-/buffer-from-1.1.2.tgz",
      "integrity": "sha1-KxRqb9cugLT1XSVfNe1Zo6mkG9U=",
      "dev": true
    },
    "builtin-modules": {
      "version": "3.2.0",
      "resolved": "https://artifactory.g.devqa.gcp.dev.paypalinc.com/artifactory/api/npm/npm-all/builtin-modules/-/builtin-modules-3.2.0.tgz",
      "integrity": "sha1-RdXbmefuXmvE82LgCL+RerUEmIc=",
      "dev": true
    },
    "chalk": {
      "version": "2.4.2",
      "resolved": "https://artifactory.g.devqa.gcp.dev.paypalinc.com/artifactory/api/npm/npm-all/chalk/-/chalk-2.4.2.tgz",
      "integrity": "sha1-zUJUFnelQzPPVBpJEIwUMrRMlCQ=",
      "dev": true,
      "requires": {
        "ansi-styles": "^3.2.1",
        "escape-string-regexp": "^1.0.5",
        "supports-color": "^5.3.0"
      }
    },
    "chokidar": {
      "version": "3.5.3",
      "resolved": "https://artifactory.g.devqa.gcp.dev.paypalinc.com/artifactory/api/npm/npm-all/chokidar/-/chokidar-3.5.3.tgz",
      "integrity": "sha1-HPN8hwe5Mr0a8a4iwEMuKs0ZA70=",
      "dev": true,
      "requires": {
        "anymatch": "~3.1.2",
        "braces": "~3.0.2",
        "fsevents": "~2.3.2",
        "glob-parent": "~5.1.2",
        "is-binary-path": "~2.1.0",
        "is-glob": "~4.0.1",
        "normalize-path": "~3.0.0",
        "readdirp": "~3.6.0"
      }
    },
    "color-convert": {
      "version": "1.9.3",
      "resolved": "https://artifactory.g.devqa.gcp.dev.paypalinc.com/artifactory/api/npm/npm-all/color-convert/-/color-convert-1.9.3.tgz",
      "integrity": "sha1-u3GFBpDh8TZWfeYp0tVHHe2kweg=",
      "dev": true,
      "requires": {
        "color-name": "1.1.3"
      }
    },
    "color-name": {
      "version": "1.1.3",
      "resolved": "https://artifactory.g.devqa.gcp.dev.paypalinc.com/artifactory/api/npm/npm-all/color-name/-/color-name-1.1.3.tgz",
      "integrity": "sha1-p9BVi9icQveV3UIyj3QIMcpTvCU=",
      "dev": true
    },
    "commander": {
      "version": "2.20.3",
      "resolved": "https://artifactory.g.devqa.gcp.dev.paypalinc.com/artifactory/api/npm/npm-all/commander/-/commander-2.20.3.tgz",
      "integrity": "sha1-/UhehMA+tIgcIHIrpIA16FMa6zM=",
      "dev": true
    },
    "commondir": {
      "version": "1.0.1",
      "resolved": "https://artifactory.g.devqa.gcp.dev.paypalinc.com/artifactory/api/npm/npm-all/commondir/-/commondir-1.0.1.tgz",
      "integrity": "sha1-3dgA2gxmEnOTzKWVDqloo6rxJTs=",
      "dev": true
    },
    "concat-map": {
      "version": "0.0.1",
      "resolved": "https://artifactory.g.devqa.gcp.dev.paypalinc.com/artifactory/api/npm/npm-all/concat-map/-/concat-map-0.0.1.tgz",
      "integrity": "sha1-2Klr13/Wjfd5OnMDajug1UBdR3s=",
      "dev": true
    },
    "console-clear": {
      "version": "1.1.1",
      "resolved": "https://artifactory.g.devqa.gcp.dev.paypalinc.com/artifactory/api/npm/npm-all/console-clear/-/console-clear-1.1.1.tgz",
      "integrity": "sha1-mV4gy/vxTdeStnLN44e9Eo1nS/c="
    },
    "deepmerge": {
      "version": "4.2.2",
      "resolved": "https://artifactory.g.devqa.gcp.dev.paypalinc.com/artifactory/api/npm/npm-all/deepmerge/-/deepmerge-4.2.2.tgz",
      "integrity": "sha1-RNLqNnm49NT/ujPwPYZfwee/SVU=",
      "dev": true
    },
    "escape-string-regexp": {
      "version": "1.0.5",
      "resolved": "https://artifactory.g.devqa.gcp.dev.paypalinc.com/artifactory/api/npm/npm-all/escape-string-regexp/-/escape-string-regexp-1.0.5.tgz",
      "integrity": "sha1-G2HAViGQqN/2rjuyzwIAyhMLhtQ=",
      "dev": true
    },
    "estree-walker": {
      "version": "2.0.2",
      "resolved": "https://artifactory.g.devqa.gcp.dev.paypalinc.com/artifactory/api/npm/npm-all/estree-walker/-/estree-walker-2.0.2.tgz",
      "integrity": "sha1-UvAQF4wqTBF6d1fP6UKtt9LaTKw=",
      "dev": true
    },
    "fill-range": {
      "version": "7.0.1",
      "resolved": "https://artifactory.g.devqa.gcp.dev.paypalinc.com/artifactory/api/npm/npm-all/fill-range/-/fill-range-7.0.1.tgz",
      "integrity": "sha1-GRmmp8df44ssfHflGYU12prN2kA=",
      "dev": true,
      "requires": {
        "to-regex-range": "^5.0.1"
      }
    },
    "fs.realpath": {
      "version": "1.0.0",
      "resolved": "https://artifactory.g.devqa.gcp.dev.paypalinc.com/artifactory/api/npm/npm-all/fs.realpath/-/fs.realpath-1.0.0.tgz",
      "integrity": "sha1-FQStJSMVjKpA20onh8sBQRmU6k8=",
      "dev": true
    },
    "fsevents": {
      "version": "2.3.2",
      "resolved": "https://artifactory.g.devqa.gcp.dev.paypalinc.com/artifactory/api/npm/npm-all/fsevents/-/fsevents-2.3.2.tgz",
      "integrity": "sha1-ilJveLj99GI7cJ4Ll1xSwkwC/Ro=",
      "dev": true,
      "optional": true
    },
    "function-bind": {
      "version": "1.1.1",
      "resolved": "https://artifactory.g.devqa.gcp.dev.paypalinc.com/artifactory/api/npm/npm-all/function-bind/-/function-bind-1.1.1.tgz",
      "integrity": "sha1-pWiZ0+o8m6uHS7l3O3xe3pL0iV0=",
      "dev": true
    },
    "get-port": {
      "version": "3.2.0",
      "resolved": "https://artifactory.g.devqa.gcp.dev.paypalinc.com/artifactory/api/npm/npm-all/get-port/-/get-port-3.2.0.tgz",
      "integrity": "sha1-3Xzn3hh8Bsi/NTeWrHHgmfCYDrw="
    },
    "glob": {
      "version": "7.2.0",
      "resolved": "https://artifactory.g.devqa.gcp.dev.paypalinc.com/artifactory/api/npm/npm-all/glob/-/glob-7.2.0.tgz",
      "integrity": "sha1-0VU1r3cy4C6Uj0xBYovZECk/YCM=",
      "dev": true,
      "requires": {
        "fs.realpath": "^1.0.0",
        "inflight": "^1.0.4",
        "inherits": "2",
        "minimatch": "^3.0.4",
        "once": "^1.3.0",
        "path-is-absolute": "^1.0.0"
      }
    },
    "glob-parent": {
      "version": "5.1.2",
      "resolved": "https://artifactory.g.devqa.gcp.dev.paypalinc.com/artifactory/api/npm/npm-all/glob-parent/-/glob-parent-5.1.2.tgz",
      "integrity": "sha1-hpgyxYA0/mikCTwX3BXoNA2EAcQ=",
      "dev": true,
      "requires": {
        "is-glob": "^4.0.1"
      }
    },
    "has": {
      "version": "1.0.3",
      "resolved": "https://artifactory.g.devqa.gcp.dev.paypalinc.com/artifactory/api/npm/npm-all/has/-/has-1.0.3.tgz",
      "integrity": "sha1-ci18v8H2qoJB8W3YFOAR4fQeh5Y=",
      "dev": true,
      "requires": {
        "function-bind": "^1.1.1"
      }
    },
    "has-flag": {
      "version": "3.0.0",
      "resolved": "https://artifactory.g.devqa.gcp.dev.paypalinc.com/artifactory/api/npm/npm-all/has-flag/-/has-flag-3.0.0.tgz",
      "integrity": "sha1-tdRU3CGZriJWmfNGfloH87lVuv0=",
      "dev": true
    },
    "inflight": {
      "version": "1.0.6",
      "resolved": "https://artifactory.g.devqa.gcp.dev.paypalinc.com/artifactory/api/npm/npm-all/inflight/-/inflight-1.0.6.tgz",
      "integrity": "sha1-Sb1jMdfQLQwJvJEKEHW6gWW1bfk=",
      "dev": true,
      "requires": {
        "once": "^1.3.0",
        "wrappy": "1"
      }
    },
    "inherits": {
      "version": "2.0.4",
      "resolved": "https://artifactory.g.devqa.gcp.dev.paypalinc.com/artifactory/api/npm/npm-all/inherits/-/inherits-2.0.4.tgz",
      "integrity": "sha1-D6LGT5MpF8NDOg3tVTY6rjdBa3w=",
      "dev": true
    },
    "is-binary-path": {
      "version": "2.1.0",
      "resolved": "https://artifactory.g.devqa.gcp.dev.paypalinc.com/artifactory/api/npm/npm-all/is-binary-path/-/is-binary-path-2.1.0.tgz",
      "integrity": "sha1-6h9/O4DwZCNug0cPhsCcJU+0Wwk=",
      "dev": true,
      "requires": {
        "binary-extensions": "^2.0.0"
      }
    },
    "is-core-module": {
      "version": "2.8.1",
      "resolved": "https://artifactory.g.devqa.gcp.dev.paypalinc.com/artifactory/api/npm/npm-all/is-core-module/-/is-core-module-2.8.1.tgz",
      "integrity": "sha1-9Z/fynAdWHnQprEApAqhVgzichE=",
      "dev": true,
      "requires": {
        "has": "^1.0.3"
      }
    },
    "is-extglob": {
      "version": "2.1.1",
      "resolved": "https://artifactory.g.devqa.gcp.dev.paypalinc.com/artifactory/api/npm/npm-all/is-extglob/-/is-extglob-2.1.1.tgz",
      "integrity": "sha1-qIwCU1eR8C7TfHahueqXc8gz+MI=",
      "dev": true
    },
    "is-glob": {
      "version": "4.0.3",
      "resolved": "https://artifactory.g.devqa.gcp.dev.paypalinc.com/artifactory/api/npm/npm-all/is-glob/-/is-glob-4.0.3.tgz",
      "integrity": "sha1-ZPYeQsu7LuwgcanawLKLoeZdUIQ=",
      "dev": true,
      "requires": {
        "is-extglob": "^2.1.1"
      }
    },
    "is-module": {
      "version": "1.0.0",
      "resolved": "https://artifactory.g.devqa.gcp.dev.paypalinc.com/artifactory/api/npm/npm-all/is-module/-/is-module-1.0.0.tgz",
      "integrity": "sha1-Mlj7afeMFNW4FdZkM2tM/7ZEFZE=",
      "dev": true
    },
    "is-number": {
      "version": "7.0.0",
      "resolved": "https://artifactory.g.devqa.gcp.dev.paypalinc.com/artifactory/api/npm/npm-all/is-number/-/is-number-7.0.0.tgz",
      "integrity": "sha1-dTU0W4lnNNX4DE0GxQlVUnoU8Ss=",
      "dev": true
    },
    "is-reference": {
      "version": "1.2.1",
      "resolved": "https://artifactory.g.devqa.gcp.dev.paypalinc.com/artifactory/api/npm/npm-all/is-reference/-/is-reference-1.2.1.tgz",
      "integrity": "sha1-iy2sCzcfS8mU/eq6nrVC0DAC0Lc=",
      "dev": true,
      "requires": {
        "@types/estree": "*"
      }
    },
    "jest-worker": {
      "version": "26.6.2",
      "resolved": "https://artifactory.g.devqa.gcp.dev.paypalinc.com/artifactory/api/npm/npm-all/jest-worker/-/jest-worker-26.6.2.tgz",
      "integrity": "sha1-f3LLxNZDw2Xie5/XdfnQ6qnHqO0=",
      "dev": true,
      "requires": {
        "@types/node": "*",
        "merge-stream": "^2.0.0",
        "supports-color": "^7.0.0"
      },
      "dependencies": {
        "has-flag": {
          "version": "4.0.0",
          "resolved": "https://artifactory.g.devqa.gcp.dev.paypalinc.com/artifactory/api/npm/npm-all/has-flag/-/has-flag-4.0.0.tgz",
          "integrity": "sha1-lEdx/ZyByBJlxNaUGGDaBrtZR5s=",
          "dev": true
        },
        "supports-color": {
          "version": "7.2.0",
          "resolved": "https://artifactory.g.devqa.gcp.dev.paypalinc.com/artifactory/api/npm/npm-all/supports-color/-/supports-color-7.2.0.tgz",
          "integrity": "sha1-G33NyzK4E4gBs+R4umpRyqiWSNo=",
          "dev": true,
          "requires": {
            "has-flag": "^4.0.0"
          }
        }
      }
    },
    "js-tokens": {
      "version": "4.0.0",
      "resolved": "https://artifactory.g.devqa.gcp.dev.paypalinc.com/artifactory/api/npm/npm-all/js-tokens/-/js-tokens-4.0.0.tgz",
      "integrity": "sha1-GSA/tZmR35jjoocFDUZHzerzJJk=",
      "dev": true
    },
    "kleur": {
      "version": "3.0.3",
      "resolved": "https://artifactory.g.devqa.gcp.dev.paypalinc.com/artifactory/api/npm/npm-all/kleur/-/kleur-3.0.3.tgz",
      "integrity": "sha1-p5yezIbuHOP6YgbRIWxQHxR/wH4="
    },
    "livereload": {
      "version": "0.9.3",
      "resolved": "https://artifactory.g.devqa.gcp.dev.paypalinc.com/artifactory/api/npm/npm-all/livereload/-/livereload-0.9.3.tgz",
      "integrity": "sha1-pxSBY3XtUkcUCL7ei0my7moMVbE=",
      "dev": true,
      "requires": {
        "chokidar": "^3.5.0",
        "livereload-js": "^3.3.1",
        "opts": ">= 1.2.0",
        "ws": "^7.4.3"
      }
    },
    "livereload-js": {
      "version": "3.3.3",
      "resolved": "https://artifactory.g.devqa.gcp.dev.paypalinc.com/artifactory/api/npm/npm-all/livereload-js/-/livereload-js-3.3.3.tgz",
      "integrity": "sha1-Pk9WmfdB/fi+bcnEbFI+T8GrvQ0=",
      "dev": true
    },
    "local-access": {
      "version": "1.1.0",
      "resolved": "https://artifactory.g.devqa.gcp.dev.paypalinc.com/artifactory/api/npm/npm-all/local-access/-/local-access-1.1.0.tgz",
      "integrity": "sha1-4AfHa6LKg9WHe6GhJfyN/iO6R5g="
    },
    "magic-string": {
      "version": "0.25.9",
      "resolved": "https://artifactory.g.devqa.gcp.dev.paypalinc.com/artifactory/api/npm/npm-all/magic-string/-/magic-string-0.25.9.tgz",
      "integrity": "sha1-3n+fr5HvihyR0CwuUxTIJ3283Rw=",
      "dev": true,
      "requires": {
        "sourcemap-codec": "^1.4.8"
      }
    },
    "merge-stream": {
      "version": "2.0.0",
      "resolved": "https://artifactory.g.devqa.gcp.dev.paypalinc.com/artifactory/api/npm/npm-all/merge-stream/-/merge-stream-2.0.0.tgz",
      "integrity": "sha1-UoI2KaFN0AyXcPtq1H3GMQ8sH2A=",
      "dev": true
    },
    "minimatch": {
      "version": "3.1.2",
      "resolved": "https://artifactory.g.devqa.gcp.dev.paypalinc.com/artifactory/api/npm/npm-all/minimatch/-/minimatch-3.1.2.tgz",
      "integrity": "sha1-Gc0ZS/0+Qo8EmnCBfAONiatL41s=",
      "dev": true,
      "requires": {
        "brace-expansion": "^1.1.7"
      }
    },
    "mri": {
      "version": "1.2.0",
      "resolved": "https://artifactory.g.devqa.gcp.dev.paypalinc.com/artifactory/api/npm/npm-all/mri/-/mri-1.2.0.tgz",
      "integrity": "sha1-ZyFID+wqEaSImGERWki2y+fMjws="
    },
    "mrmime": {
      "version": "1.0.0",
      "resolved": "https://artifactory.g.devqa.gcp.dev.paypalinc.com/artifactory/api/npm/npm-all/mrmime/-/mrmime-1.0.0.tgz",
      "integrity": "sha1-FNOH8FhaUjPSkbq6M5sGN1KiOYs="
    },
    "normalize-path": {
      "version": "3.0.0",
      "resolved": "https://artifactory.g.devqa.gcp.dev.paypalinc.com/artifactory/api/npm/npm-all/normalize-path/-/normalize-path-3.0.0.tgz",
      "integrity": "sha1-Dc1p/yOhybEf0JeDFmRKA4ghamU=",
      "dev": true
    },
    "once": {
      "version": "1.4.0",
      "resolved": "https://artifactory.g.devqa.gcp.dev.paypalinc.com/artifactory/api/npm/npm-all/once/-/once-1.4.0.tgz",
      "integrity": "sha1-WDsap3WWHUsROsF9nFC6753Xa9E=",
      "dev": true,
      "requires": {
        "wrappy": "1"
      }
    },
    "opts": {
      "version": "2.0.2",
      "resolved": "https://artifactory.g.devqa.gcp.dev.paypalinc.com/artifactory/api/npm/npm-all/opts/-/opts-2.0.2.tgz",
      "integrity": "sha1-oX4Yn7v+4XHaVZ7dikJCO8WZPOE=",
      "dev": true
    },
    "path-is-absolute": {
      "version": "1.0.1",
      "resolved": "https://artifactory.g.devqa.gcp.dev.paypalinc.com/artifactory/api/npm/npm-all/path-is-absolute/-/path-is-absolute-1.0.1.tgz",
      "integrity": "sha1-F0uSaHNVNP+8es5r9TpanhtcX18=",
      "dev": true
    },
    "path-parse": {
      "version": "1.0.7",
      "resolved": "https://artifactory.g.devqa.gcp.dev.paypalinc.com/artifactory/api/npm/npm-all/path-parse/-/path-parse-1.0.7.tgz",
      "integrity": "sha1-+8EUtgykKzDZ2vWFjkvWi77bZzU=",
      "dev": true
    },
    "picomatch": {
      "version": "2.3.1",
      "resolved": "https://artifactory.g.devqa.gcp.dev.paypalinc.com/artifactory/api/npm/npm-all/picomatch/-/picomatch-2.3.1.tgz",
      "integrity": "sha1-O6ODNzNkbZ0+SZWUbBNlpn+wekI=",
      "dev": true
    },
    "promise-polyfill": {
      "version": "8.2.1",
      "resolved": "https://artifactory.g.devqa.gcp.dev.paypalinc.com/artifactory/api/npm/npm-all/promise-polyfill/-/promise-polyfill-8.2.1.tgz",
      "integrity": "sha1-H6lVsyW+5Pa4pDEeGBSNTltG0lQ="
    },
    "randombytes": {
      "version": "2.1.0",
      "resolved": "https://artifactory.g.devqa.gcp.dev.paypalinc.com/artifactory/api/npm/npm-all/randombytes/-/randombytes-2.1.0.tgz",
      "integrity": "sha1-32+ENy8CcNxlzfYpE0mrekc9Tyo=",
      "dev": true,
      "requires": {
        "safe-buffer": "^5.1.0"
      }
    },
    "readdirp": {
      "version": "3.6.0",
      "resolved": "https://artifactory.g.devqa.gcp.dev.paypalinc.com/artifactory/api/npm/npm-all/readdirp/-/readdirp-3.6.0.tgz",
      "integrity": "sha1-dKNwvYVxFuJFspzJc0DNQxoCpsc=",
      "dev": true,
      "requires": {
        "picomatch": "^2.2.1"
      }
    },
    "require-relative": {
      "version": "0.8.7",
      "resolved": "https://artifactory.g.devqa.gcp.dev.paypalinc.com/artifactory/api/npm/npm-all/require-relative/-/require-relative-0.8.7.tgz",
      "integrity": "sha1-eZlTn8ngR6N5KPoZb44VY9q9Nt4=",
      "dev": true
    },
    "resolve": {
      "version": "1.22.0",
      "resolved": "https://artifactory.g.devqa.gcp.dev.paypalinc.com/artifactory/api/npm/npm-all/resolve/-/resolve-1.22.0.tgz",
      "integrity": "sha1-XguMZ8Fd9XqJvbq+YDoALyFzEZg=",
      "dev": true,
      "requires": {
        "is-core-module": "^2.8.1",
        "path-parse": "^1.0.7",
        "supports-preserve-symlinks-flag": "^1.0.0"
      }
    },
    "rollup": {
      "version": "2.70.0",
      "resolved": "https://artifactory.g.devqa.gcp.dev.paypalinc.com/artifactory/api/npm/npm-all/rollup/-/rollup-2.70.0.tgz",
      "integrity": "sha1-F6kuWTjpKiUbliNS6QTJ9VgjDsc=",
      "dev": true,
      "requires": {
        "fsevents": "~2.3.2"
      }
    },
    "rollup-plugin-css-only": {
      "version": "3.1.0",
      "resolved": "https://artifactory.g.devqa.gcp.dev.paypalinc.com/artifactory/api/npm/npm-all/rollup-plugin-css-only/-/rollup-plugin-css-only-3.1.0.tgz",
      "integrity": "sha1-anAcxbBRxrPwlh5psQipoRjhsd8=",
      "dev": true,
      "requires": {
        "@rollup/pluginutils": "4"
      },
      "dependencies": {
        "@rollup/pluginutils": {
          "version": "4.2.0",
          "resolved": "https://artifactory.g.devqa.gcp.dev.paypalinc.com/artifactory/api/npm/npm-all/@rollup/pluginutils/-/pluginutils-4.2.0.tgz",
          "integrity": "sha1-oUu9BY/bugpWRxQ7Fu0NhvtgvQg=",
          "dev": true,
          "requires": {
            "estree-walker": "^2.0.1",
            "picomatch": "^2.2.2"
          }
        }
      }
    },
    "rollup-plugin-livereload": {
      "version": "2.0.5",
      "resolved": "https://artifactory.g.devqa.gcp.dev.paypalinc.com/artifactory/api/npm/npm-all/rollup-plugin-livereload/-/rollup-plugin-livereload-2.0.5.tgz",
      "integrity": "sha1-R0f6KSoszrDJcsVz1xs9ZrQlKzc=",
      "dev": true,
      "requires": {
        "livereload": "^0.9.1"
      }
    },
    "rollup-plugin-svelte": {
      "version": "7.1.0",
      "resolved": "https://artifactory.g.devqa.gcp.dev.paypalinc.com/artifactory/api/npm/npm-all/rollup-plugin-svelte/-/rollup-plugin-svelte-7.1.0.tgz",
      "integrity": "sha1-1F8rkrEBS+TrRrVaoDP7mpxl8E0=",
      "dev": true,
      "requires": {
        "require-relative": "^0.8.7",
        "rollup-pluginutils": "^2.8.2"
      }
    },
    "rollup-plugin-terser": {
      "version": "7.0.2",
      "resolved": "https://artifactory.g.devqa.gcp.dev.paypalinc.com/artifactory/api/npm/npm-all/rollup-plugin-terser/-/rollup-plugin-terser-7.0.2.tgz",
      "integrity": "sha1-6Pu6SGmYGy3DWufopQLVxsBNMk0=",
      "dev": true,
      "requires": {
        "@babel/code-frame": "^7.10.4",
        "jest-worker": "^26.2.1",
        "serialize-javascript": "^4.0.0",
        "terser": "^5.0.0"
      }
    },
    "rollup-pluginutils": {
      "version": "2.8.2",
      "resolved": "https://artifactory.g.devqa.gcp.dev.paypalinc.com/artifactory/api/npm/npm-all/rollup-pluginutils/-/rollup-pluginutils-2.8.2.tgz",
      "integrity": "sha1-cvKvB0i1kjZNvTOJ5gDlqURKNR4=",
      "dev": true,
      "requires": {
        "estree-walker": "^0.6.1"
      },
      "dependencies": {
        "estree-walker": {
          "version": "0.6.1",
          "resolved": "https://artifactory.g.devqa.gcp.dev.paypalinc.com/artifactory/api/npm/npm-all/estree-walker/-/estree-walker-0.6.1.tgz",
          "integrity": "sha1-UwSRQ/QMbrkYsjZx0f4yGfOhs2I=",
          "dev": true
        }
      }
    },
    "sade": {
      "version": "1.8.1",
      "resolved": "https://artifactory.g.devqa.gcp.dev.paypalinc.com/artifactory/api/npm/npm-all/sade/-/sade-1.8.1.tgz",
      "integrity": "sha1-CnjoHWWNOUiHvlfSpAm/cDo7JwE=",
      "requires": {
        "mri": "^1.1.0"
      }
    },
    "safe-buffer": {
      "version": "5.2.1",
      "resolved": "https://artifactory.g.devqa.gcp.dev.paypalinc.com/artifactory/api/npm/npm-all/safe-buffer/-/safe-buffer-5.2.1.tgz",
      "integrity": "sha1-Hq+fqb2x/dTsdfWPnNtOa3gn7sY=",
      "dev": true
    },
    "semiver": {
      "version": "1.1.0",
      "resolved": "https://artifactory.g.devqa.gcp.dev.paypalinc.com/artifactory/api/npm/npm-all/semiver/-/semiver-1.1.0.tgz",
      "integrity": "sha1-nJf7AsIcfOT88bc+LHokMkvd3V8="
    },
    "serialize-javascript": {
      "version": "4.0.0",
      "resolved": "https://artifactory.g.devqa.gcp.dev.paypalinc.com/artifactory/api/npm/npm-all/serialize-javascript/-/serialize-javascript-4.0.0.tgz",
      "integrity": "sha1-tSXhI4SJpez8Qq+sw/6Z5mb0sao=",
      "dev": true,
      "requires": {
        "randombytes": "^2.1.0"
      }
    },
    "sirv": {
      "version": "1.0.19",
      "resolved": "https://artifactory.g.devqa.gcp.dev.paypalinc.com/artifactory/api/npm/npm-all/sirv/-/sirv-1.0.19.tgz",
      "integrity": "sha1-HXOXmzjH/pH8uknIUoDaqcI2O0k=",
      "requires": {
        "@polka/url": "^1.0.0-next.20",
        "mrmime": "^1.0.0",
        "totalist": "^1.0.0"
      }
    },
    "sirv-cli": {
      "version": "1.0.14",
      "resolved": "https://artifactory.g.devqa.gcp.dev.paypalinc.com/artifactory/api/npm/npm-all/sirv-cli/-/sirv-cli-1.0.14.tgz",
      "integrity": "sha1-S8YEIbPenK6oDM0pK1AErKTOPIE=",
      "requires": {
        "console-clear": "^1.1.0",
        "get-port": "^3.2.0",
        "kleur": "^3.0.0",
        "local-access": "^1.0.1",
        "sade": "^1.6.0",
        "semiver": "^1.0.0",
        "sirv": "^1.0.13",
        "tinydate": "^1.0.0"
      }
    },
    "source-map": {
      "version": "0.7.3",
      "resolved": "https://artifactory.g.devqa.gcp.dev.paypalinc.com/artifactory/api/npm/npm-all/source-map/-/source-map-0.7.3.tgz",
      "integrity": "sha1-UwL4FpAxc1ImVECS5kmB91F1A4M=",
      "dev": true
    },
    "source-map-support": {
      "version": "0.5.21",
      "resolved": "https://artifactory.g.devqa.gcp.dev.paypalinc.com/artifactory/api/npm/npm-all/source-map-support/-/source-map-support-0.5.21.tgz",
      "integrity": "sha1-BP58f54e0tZiIzwoyys1ufY/bk8=",
      "dev": true,
      "requires": {
        "buffer-from": "^1.0.0",
        "source-map": "^0.6.0"
      },
      "dependencies": {
        "source-map": {
          "version": "0.6.1",
          "resolved": "https://artifactory.g.devqa.gcp.dev.paypalinc.com/artifactory/api/npm/npm-all/source-map/-/source-map-0.6.1.tgz",
          "integrity": "sha1-dHIq8y6WFOnCh6jQu95IteLxomM=",
          "dev": true
        }
      }
    },
    "sourcemap-codec": {
      "version": "1.4.8",
      "resolved": "https://artifactory.g.devqa.gcp.dev.paypalinc.com/artifactory/api/npm/npm-all/sourcemap-codec/-/sourcemap-codec-1.4.8.tgz",
      "integrity": "sha1-6oBL2UhXQC5pktBaOO8a41qatMQ=",
      "dev": true
    },
    "supports-color": {
      "version": "5.5.0",
      "resolved": "https://artifactory.g.devqa.gcp.dev.paypalinc.com/artifactory/api/npm/npm-all/supports-color/-/supports-color-5.5.0.tgz",
      "integrity": "sha1-4uaaRKyHcveKHsCzW2id9lMO/I8=",
      "dev": true,
      "requires": {
        "has-flag": "^3.0.0"
      }
    },
    "supports-preserve-symlinks-flag": {
      "version": "1.0.0",
      "resolved": "https://artifactory.g.devqa.gcp.dev.paypalinc.com/artifactory/api/npm/npm-all/supports-preserve-symlinks-flag/-/supports-preserve-symlinks-flag-1.0.0.tgz",
      "integrity": "sha1-btpL00SjyUrqN21MwxvHcxEDngk=",
      "dev": true
    },
    "svelte": {
      "version": "3.46.4",
      "resolved": "https://artifactory.g.devqa.gcp.dev.paypalinc.com/artifactory/api/npm/npm-all/svelte/-/svelte-3.46.4.tgz",
      "integrity": "sha1-DEa8Sj4gomF6G33EOnIvnWwISjg=",
      "dev": true
    },
    "terser": {
      "version": "5.12.0",
      "resolved": "https://artifactory.g.devqa.gcp.dev.paypalinc.com/artifactory/api/npm/npm-all/terser/-/terser-5.12.0.tgz",
      "integrity": "sha1-coxr/wX30dy2h9jqzgZEgCqdroo=",
      "dev": true,
      "requires": {
        "acorn": "^8.5.0",
        "commander": "^2.20.0",
        "source-map": "~0.7.2",
        "source-map-support": "~0.5.20"
      }
    },
    "tinydate": {
      "version": "1.3.0",
      "resolved": "https://artifactory.g.devqa.gcp.dev.paypalinc.com/artifactory/api/npm/npm-all/tinydate/-/tinydate-1.3.0.tgz",
      "integrity": "sha1-5sqOWiK1G7TqHDoqT9E1Lb1MV/s="
    },
    "to-regex-range": {
      "version": "5.0.1",
      "resolved": "https://artifactory.g.devqa.gcp.dev.paypalinc.com/artifactory/api/npm/npm-all/to-regex-range/-/to-regex-range-5.0.1.tgz",
      "integrity": "sha1-FkjESq58jZiKMmAY7XL1tN0DkuQ=",
      "dev": true,
      "requires": {
        "is-number": "^7.0.0"
      }
    },
    "totalist": {
      "version": "1.1.0",
      "resolved": "https://artifactory.g.devqa.gcp.dev.paypalinc.com/artifactory/api/npm/npm-all/totalist/-/totalist-1.1.0.tgz",
      "integrity": "sha1-pNZaPlRlF3AePlw3pHpwrJf+Vt8="
    },
    "wrappy": {
      "version": "1.0.2",
      "resolved": "https://artifactory.g.devqa.gcp.dev.paypalinc.com/artifactory/api/npm/npm-all/wrappy/-/wrappy-1.0.2.tgz",
      "integrity": "sha1-tSQ9jz7BqjXxNkYFvA0QNuMKtp8=",
      "dev": true
    },
    "ws": {
      "version": "7.5.7",
      "resolved": "https://artifactory.g.devqa.gcp.dev.paypalinc.com/artifactory/api/npm/npm-all/ws/-/ws-7.5.7.tgz",
      "integrity": "sha1-ngrHfuUK9w1YMm7P9+hes/o3Xmc=",
      "dev": true
    }
  }
}
